PODS:
  - CVCalendarKit (0.1.1)
  - DAAlertController (0.1.4)
  - FMDB (2.5):
    - FMDB/standard (= 2.5)
  - FMDB/common (2.5)
  - FMDB/standard (2.5):
    - FMDB/common
  - JKRichTextView (0.0.1)
  - JTCalendar (1.2.3)
  - MGSwipeTableCell (1.4.3)
  - MKEventKit (0.2.0):
    - MKFoundationKit (>= 1.2.0)
  - MKFoundationKit (1.3.0):
    - MKFoundationKit/AutoDescribe (= 1.3.0)
    - MKFoundationKit/Base64 (= 1.3.0)
    - MKFoundationKit/Block (= 1.3.0)
    - MKFoundationKit/NSArray (= 1.3.0)
    - MKFoundationKit/NSBundle (= 1.3.0)
    - MKFoundationKit/NSDate (= 1.3.0)
    - MKFoundationKit/NSDictionary (= 1.3.0)
    - MKFoundationKit/NSNumber (= 1.3.0)
    - MKFoundationKit/NSObject (= 1.3.0)
    - MKFoundationKit/NSSet (= 1.3.0)
    - MKFoundationKit/NSString (= 1.3.0)
    - MKFoundationKit/Queue (= 1.3.0)
    - MKFoundationKit/Stack (= 1.3.0)
  - MKFoundationKit/AutoDescribe (1.3.0)
  - MKFoundationKit/Base64 (1.3.0)
  - MKFoundationKit/Block (1.3.0)
  - MKFoundationKit/NSArray (1.3.0)
  - MKFoundationKit/NSBundle (1.3.0)
  - MKFoundationKit/NSDate (1.3.0)
  - MKFoundationKit/NSDictionary (1.3.0)
  - MKFoundationKit/NSNumber (1.3.0)
  - MKFoundationKit/NSObject (1.3.0)
  - MKFoundationKit/NSSet (1.3.0):
    - MKFoundationKit/Block
  - MKFoundationKit/NSString (1.3.0):
    - MKFoundationKit/Base64
  - MKFoundationKit/Queue (1.3.0)
  - MKFoundationKit/Stack (1.3.0)
  - NJKWebViewProgress (0.2.3):
    - NJKWebViewProgress/Core (= 0.2.3)
    - NJKWebViewProgress/ProgressView (= 0.2.3)
  - NJKWebViewProgress/Core (0.2.3)
  - NJKWebViewProgress/ProgressView (0.2.3)
  - SnapKit (0.12.0)
  - UMengSocial (4.2.3)

DEPENDENCIES:
  - CVCalendarKit (~> 0.1.1)
  - DAAlertController (~> 0.1.4)
  - FMDB (from `https://github.com/ccgus/fmdb.git`, commit `66e492a6de51b9077dfcbd6f4646130151714f9c`,
    branch `master`)
  - JKRichTextView
  - JTCalendar (~> 1.2.3)
  - MGSwipeTableCell (~> 1.4.3)
  - MKEventKit (~> 0.2.0)
  - NJKWebViewProgress
  - SnapKit (~> 0.12.0)
  - UMengSocial (~> 4.2.3)

EXTERNAL SOURCES:
  FMDB:
    :branch: master
    :commit: 66e492a6de51b9077dfcbd6f4646130151714f9c
    :git: https://github.com/ccgus/fmdb.git

CHECKOUT OPTIONS:
  FMDB:
    :branch: master
    :commit: 66e492a6de51b9077dfcbd6f4646130151714f9c
    :git: https://github.com/ccgus/fmdb.git

SPEC CHECKSUMS:
  CVCalendarKit: 5ae1b2def4fd558029a71ec86179fa7cacff8769
  DAAlertController: 4735313ec65d3d69f81fdd34d01308809680350f
  FMDB: 8e59e93d20d76d0b135db26ecc83ae88d016076d
  JKRichTextView: 20b33567bfe7f740f284a468824fed39e162e934
  JTCalendar: 246ea3e338fb97624846ec77cdcde448242c4d5c
  MGSwipeTableCell: cb9805df3cc5cad75ad43a5c1eb424be0316f0bf
  MKEventKit: f6d1425f908d329eb4adbd5517931f6331a02e53
  MKFoundationKit: 26afe1cf63d4982a937d555537ca1a3fb50a9c77
  NJKWebViewProgress: f481fd424cb5ecc27eacae11b5397db92fba9a4d
  SnapKit: 00c388aa3bf1944c1b55472f31e841f75bd83882
  UMengSocial: 85882abe5b20aa38ad558ece71360e16b5d50909

COCOAPODS: 0.38.2
